
Microsoft Visual Studio Solution File, Format Version 12.00
# Visual Studio Version 17
VisualStudioVersion = 17.7.34202.233
MinimumVisualStudioVersion = 10.0.40219.1
Project("{FAE04EC0-301F-11D3-BF4B-00C04F79EFBC}") = "ConsoleApp33", "ConsoleApp33.csproj", "{255C00F1-8E17-4EE3-89DD-3BBF67EDFCF3}"
EndProject
Global
	GlobalSection(SolutionConfigurationPlatforms) = preSolution
		Debug|Any CPU = Debug|Any CPU
		Release|Any CPU = Release|Any CPU
	EndGlobalSection
	GlobalSection(ProjectConfigurationPlatforms) = postSolution
		{255C00F1-8E17-4EE3-89DD-3BBF67EDFCF3}.Debug|Any CPU.ActiveCfg = Debug|Any CPU
		{255C00F1-8E17-4EE3-89DD-3BBF67EDFCF3}.Debug|Any CPU.Build.0 = Debug|Any CPU
		{255C00F1-8E17-4EE3-89DD-3BBF67EDFCF3}.Release|Any CPU.ActiveCfg = Release|Any CPU
		{255C00F1-8E17-4EE3-89DD-3BBF67EDFCF3}.Release|Any CPU.Build.0 = Release|Any CPU
	EndGlobalSection
	GlobalSection(SolutionProperties) = preSolution
		HideSolutionNode = FALSE
	EndGlobalSection
	GlobalSection(ExtensibilityGlobals) = postSolution
		SolutionGuid = {730BA062-65ED-45B0-B579-514169758431}
	EndGlobalSection
EndGlobal
